
Microsoft Visual Studio Solution File, Format Version 12.00
# Visual Studio Version 16
VisualStudioVersion = 16.0.30225.117
MinimumVisualStudioVersion = 10.0.40219.1
Project("{FAE04EC0-301F-11D3-BF4B-00C04F79EFBC}") = "TeamManager", "TeamManager.csproj", "{45D7F74A-7694-4D82-9485-93E23814C366}"
EndProject
Global
	GlobalSection(SolutionConfigurationPlatforms) = preSolution
		Debug|Any CPU = Debug|Any CPU
		Release|Any CPU = Release|Any CPU
	EndGlobalSection
	GlobalSection(ProjectConfigurationPlatforms) = postSolution
		{45D7F74A-7694-4D82-9485-93E23814C366}.Debug|Any CPU.ActiveCfg = Debug|Any CPU
		{45D7F74A-7694-4D82-9485-93E23814C366}.Debug|Any CPU.Build.0 = Debug|Any CPU
		{45D7F74A-7694-4D82-9485-93E23814C366}.Release|Any CPU.ActiveCfg = Release|Any CPU
		{45D7F74A-7694-4D82-9485-93E23814C366}.Release|Any CPU.Build.0 = Release|Any CPU
	EndGlobalSection
	GlobalSection(SolutionProperties) = preSolution
		HideSolutionNode = FALSE
	EndGlobalSection
	GlobalSection(ExtensibilityGlobals) = postSolution
		SolutionGuid = {8E17D43D-5D4B-4522-9E57-D302F3B73A72}
	EndGlobalSection
EndGlobal
